// !$*UTF8*$!
{
	archiveVersion = 1;
	classes = {
	};
	objectVersion = 56;
	objects = {

/* Begin PBXBuildFile section */
		38C41C272D108DA600335BBF /* RecipeApp.swift in Sources */ = {isa = PBXBuildFile; fileRef = 38C41C262D108DA600335BBF /* RecipeApp.swift */; };
		38C41C292D108DA600335BBF /* ContentView.swift in Sources */ = {isa = PBXBuildFile; fileRef = 38C41C282D108DA600335BBF /* ContentView.swift */; };
		38C41C2B2D108DA800335BBF /* Assets.xcassets in Resources */ = {isa = PBXBuildFile; fileRef = 38C41C2A2D108DA800335BBF /* Assets.xcassets */; };
		38C41C2E2D108DA800335BBF /* Preview Assets.xcassets in Resources */ = {isa = PBXBuildFile; fileRef = 38C41C2D2D108DA800335BBF /* Preview Assets.xcassets */; };
		38C41C392D108DF900335BBF /* RecipeCellView.swift in Sources */ = {isa = PBXBuildFile; fileRef = 38C41C382D108DF900335BBF /* RecipeCellView.swift */; };
		38C41C3B2D108F4000335BBF /* RecipeScrollView.swift in Sources */ = {isa = PBXBuildFile; fileRef = 38C41C3A2D108F4000335BBF /* RecipeScrollView.swift */; };
		38C41C3E2D10947D00335BBF /* Recipe.swift in Sources */ = {isa = PBXBuildFile; fileRef = 38C41C3D2D10947D00335BBF /* Recipe.swift */; };
		38C41C402D10955800335BBF /* RecipeService.swift in Sources */ = {isa = PBXBuildFile; fileRef = 38C41C3F2D10955800335BBF /* RecipeService.swift */; };
		38C41C422D10959000335BBF /* RecipeViewModel.swift in Sources */ = {isa = PBXBuildFile; fileRef = 38C41C412D10959000335BBF /* RecipeViewModel.swift */; };
		38C41C442D1097FA00335BBF /* RecipeDetailView.swift in Sources */ = {isa = PBXBuildFile; fileRef = 38C41C432D1097FA00335BBF /* RecipeDetailView.swift */; };
		38C41C462D10AEED00335BBF /* README.md in Resources */ = {isa = PBXBuildFile; fileRef = 38C41C452D10AEED00335BBF /* README.md */; };
/* End PBXBuildFile section */

/* Begin PBXFileReference section */
		38C41C232D108DA600335BBF /* Recipe.app */ = {isa = PBXFileReference; explicitFileType = wrapper.application; includeInIndex = 0; path = Recipe.app; sourceTree = BUILT_PRODUCTS_DIR; };
		38C41C262D108DA600335BBF /* RecipeApp.swift */ = {isa = PBXFileReference; lastKnownFileType = sourcecode.swift; path = RecipeApp.swift; sourceTree = "<group>"; };
		38C41C282D108DA600335BBF /* ContentView.swift */ = {isa = PBXFileReference; lastKnownFileType = sourcecode.swift; path = ContentView.swift; sourceTree = "<group>"; };
		38C41C2A2D108DA800335BBF /* Assets.xcassets */ = {isa = PBXFileReference; lastKnownFileType = folder.assetcatalog; path = Assets.xcassets; sourceTree = "<group>"; };
		38C41C2D2D108DA800335BBF /* Preview Assets.xcassets */ = {isa = PBXFileReference; lastKnownFileType = folder.assetcatalog; path = "Preview Assets.xcassets"; sourceTree = "<group>"; };
		38C41C382D108DF900335BBF /* RecipeCellView.swift */ = {isa = PBXFileReference; lastKnownFileType = sourcecode.swift; path = RecipeCellView.swift; sourceTree = "<group>"; };
		38C41C3A2D108F4000335BBF /* RecipeScrollView.swift */ = {isa = PBXFileReference; lastKnownFileType = sourcecode.swift; path = RecipeScrollView.swift; sourceTree = "<group>"; };
		38C41C3D2D10947D00335BBF /* Recipe.swift */ = {isa = PBXFileReference; lastKnownFileType = sourcecode.swift; path = Recipe.swift; sourceTree = "<group>"; };
		38C41C3F2D10955800335BBF /* RecipeService.swift */ = {isa = PBXFileReference; lastKnownFileType = sourcecode.swift; path = RecipeService.swift; sourceTree = "<group>"; };
		38C41C412D10959000335BBF /* RecipeViewModel.swift */ = {isa = PBXFileReference; lastKnownFileType = sourcecode.swift; path = RecipeViewModel.swift; sourceTree = "<group>"; };
		38C41C432D1097FA00335BBF /* RecipeDetailView.swift */ = {isa = PBXFileReference; lastKnownFileType = sourcecode.swift; path = RecipeDetailView.swift; sourceTree = "<group>"; };
		38C41C452D10AEED00335BBF /* README.md */ = {isa = PBXFileReference; lastKnownFileType = net.daringfireball.markdown; path = README.md; sourceTree = "<group>"; };
/* End PBXFileReference section */

/* Begin PBXFrameworksBuildPhase section */
		38C41C202D108DA600335BBF /* Frameworks */ = {
			isa = PBXFrameworksBuildPhase;
			buildActionMask = 2147483647;
			files = (
			);
			runOnlyForDeploymentPostprocessing = 0;
		};
/* End PBXFrameworksBuildPhase section */

/* Begin PBXGroup section */
		38C41C1A2D108DA600335BBF = {
			isa = PBXGroup;
			children = (
				38C41C252D108DA600335BBF /* Recipe */,
				38C41C242D108DA600335BBF /* Products */,
			);
			sourceTree = "<group>";
		};
		38C41C242D108DA600335BBF /* Products */ = {
			isa = PBXGroup;
			children = (
				38C41C232D108DA600335BBF /* Recipe.app */,
			);
			name = Products;
			sourceTree = "<group>";
		};
		38C41C252D108DA600335BBF /* Recipe */ = {
			isa = PBXGroup;
			children = (
				38C41C3C2D10947500335BBF /* Model */,
				38C41C362D108DDE00335BBF /* ViewModels */,
				38C41C342D108DB500335BBF /* Views */,
				38C41C262D108DA600335BBF /* RecipeApp.swift */,
				38C41C452D10AEED00335BBF /* README.md */,
				38C41C2A2D108DA800335BBF /* Assets.xcassets */,
				38C41C2C2D108DA800335BBF /* Preview Content */,
			);
			path = Recipe;
			sourceTree = "<group>";
		};
		38C41C2C2D108DA800335BBF /* Preview Content */ = {
			isa = PBXGroup;
			children = (
				38C41C2D2D108DA800335BBF /* Preview Assets.xcassets */,
			);
			path = "Preview Content";
			sourceTree = "<group>";
		};
		38C41C342D108DB500335BBF /* Views */ = {
			isa = PBXGroup;
			children = (
				38C41C372D108DEA00335BBF /* RecipeViews */,
				38C41C352D108DBD00335BBF /* Main */,
			);
			path = Views;
			sourceTree = "<group>";
		};
		38C41C352D108DBD00335BBF /* Main */ = {
			isa = PBXGroup;
			children = (
				38C41C282D108DA600335BBF /* ContentView.swift */,
				38C41C3A2D108F4000335BBF /* RecipeScrollView.swift */,
			);
			path = Main;
			sourceTree = "<group>";
		};
		38C41C362D108DDE00335BBF /* ViewModels */ = {
			isa = PBXGroup;
			children = (
				38C41C3F2D10955800335BBF /* RecipeService.swift */,
				38C41C412D10959000335BBF /* RecipeViewModel.swift */,
			);
			path = ViewModels;
			sourceTree = "<group>";
		};
		38C41C372D108DEA00335BBF /* RecipeViews */ = {
			isa = PBXGroup;
			children = (
				38C41C382D108DF900335BBF /* RecipeCellView.swift */,
				38C41C432D1097FA00335BBF /* RecipeDetailView.swift */,
			);
			path = RecipeViews;
			sourceTree = "<group>";
		};
		38C41C3C2D10947500335BBF /* Model */ = {
			isa = PBXGroup;
			children = (
				38C41C3D2D10947D00335BBF /* Recipe.swift */,
			);
			path = Model;
			sourceTree = "<group>";
		};
/* End PBXGroup section */

/* Begin PBXNativeTarget section */
		38C41C222D108DA600335BBF /* Recipe */ = {
			isa = PBXNativeTarget;
			buildConfigurationList = 38C41C312D108DA800335BBF /* Build configuration list for PBXNativeTarget "Recipe" */;
			buildPhases = (
				38C41C1F2D108DA600335BBF /* Sources */,
				38C41C202D108DA600335BBF /* Frameworks */,
				38C41C212D108DA600335BBF /* Resources */,
			);
			buildRules = (
			);
			dependencies = (
			);
			name = Recipe;
			productName = Recipe;
			productReference = 38C41C232D108DA600335BBF /* Recipe.app */;
			productType = "com.apple.product-type.application";
		};
/* End PBXNativeTarget section */

/* Begin PBXProject section */
		38C41C1B2D108DA600335BBF /* Project object */ = {
			isa = PBXProject;
			attributes = {
				BuildIndependentTargetsInParallel = 1;
				LastSwiftUpdateCheck = 1500;
				LastUpgradeCheck = 1500;
				TargetAttributes = {
					38C41C222D108DA600335BBF = {
						CreatedOnToolsVersion = 15.0;
					};
				};
			};
			buildConfigurationList = 38C41C1E2D108DA600335BBF /* Build configuration list for PBXProject "Recipe" */;
			compatibilityVersion = "Xcode 14.0";
			developmentRegion = en;
			hasScannedForEncodings = 0;
			knownRegions = (
				en,
				Base,
			);
			mainGroup = 38C41C1A2D108DA600335BBF;
			productRefGroup = 38C41C242D108DA600335BBF /* Products */;
			projectDirPath = "";
			projectRoot = "";
			targets = (
				38C41C222D108DA600335BBF /* Recipe */,
			);
		};
/* End PBXProject section */

/* Begin PBXResourcesBuildPhase section */
		38C41C212D108DA600335BBF /* Resources */ = {
			isa = PBXResourcesBuildPhase;
			buildActionMask = 2147483647;
			files = (
				38C41C462D10AEED00335BBF /* README.md in Resources */,
				38C41C2E2D108DA800335BBF /* Preview Assets.xcassets in Resources */,
				38C41C2B2D108DA800335BBF /* Assets.xcassets in Resources */,
			);
			runOnlyForDeploymentPostprocessing = 0;
		};
/* End PBXResourcesBuildPhase section */

/* Begin PBXSourcesBuildPhase section */
		38C41C1F2D108DA600335BBF /* Sources */ = {
			isa = PBXSourcesBuildPhase;
			buildActionMask = 2147483647;
			files = (
				38C41C392D108DF900335BBF /* RecipeCellView.swift in Sources */,
				38C41C292D108DA600335BBF /* ContentView.swift in Sources */,
				38C41C272D108DA600335BBF /* RecipeApp.swift in Sources */,
				38C41C422D10959000335BBF /* RecipeViewModel.swift in Sources */,
				38C41C3B2D108F4000335BBF /* RecipeScrollView.swift in Sources */,
				38C41C402D10955800335BBF /* RecipeService.swift in Sources */,
				38C41C3E2D10947D00335BBF /* Recipe.swift in Sources */,
				38C41C442D1097FA00335BBF /* RecipeDetailView.swift in Sources */,
			);
			runOnlyForDeploymentPostprocessing = 0;
		};
/* End PBXSourcesBuildPhase section */

/* Begin XCBuildConfiguration section */
		38C41C2F2D108DA800335BBF /* Debug */ = {
			isa = XCBuildConfiguration;
			buildSettings = {
				ALWAYS_SEARCH_USER_PATHS = NO;
				ASSETCATALOG_COMPILER_GENERATE_SWIFT_ASSET_SYMBOL_EXTENSIONS = YES;
				CLANG_ANALYZER_NONNULL = YES;
				CLANG_ANALYZER_NUMBER_OBJECT_CONVERSION = YES_AGGRESSIVE;
				CLANG_CXX_LANGUAGE_STANDARD = "gnu++20";
				CLANG_ENABLE_MODULES = YES;
				CLANG_ENABLE_OBJC_ARC = YES;
				CLANG_ENABLE_OBJC_WEAK = YES;
				CLANG_WARN_BLOCK_CAPTURE_AUTORELEASING = YES;
				CLANG_WARN_BOOL_CONVERSION = YES;
				CLANG_WARN_COMMA = YES;
				CLANG_WARN_CONSTANT_CONVERSION = YES;
				CLANG_WARN_DEPRECATED_OBJC_IMPLEMENTATIONS = YES;
				CLANG_WARN_DIRECT_OBJC_ISA_USAGE = YES_ERROR;
				CLANG_WARN_DOCUMENTATION_COMMENTS = YES;
				CLANG_WARN_EMPTY_BODY = YES;
				CLANG_WARN_ENUM_CONVERSION = YES;
				CLANG_WARN_INFINITE_RECURSION = YES;
				CLANG_WARN_INT_CONVERSION = YES;
				CLANG_WARN_NON_LITERAL_NULL_CONVERSION = YES;
				CLANG_WARN_OBJC_IMPLICIT_RETAIN_SELF = YES;
				CLANG_WARN_OBJC_LITERAL_CONVERSION = YES;
				CLANG_WARN_OBJC_ROOT_CLASS = YES_ERROR;
				CLANG_WARN_QUOTED_INCLUDE_IN_FRAMEWORK_HEADER = YES;
				CLANG_WARN_RANGE_LOOP_ANALYSIS = YES;
				CLANG_WARN_STRICT_PROTOTYPES = YES;
				CLANG_WARN_SUSPICIOUS_MOVE = YES;
				CLANG_WARN_UNGUARDED_AVAILABILITY = YES_AGGRESSIVE;
				CLANG_WARN_UNREACHABLE_CODE = YES;
				CLANG_WARN__DUPLICATE_METHOD_MATCH = YES;
				COPY_PHASE_STRIP = NO;
				DEBUG_INFORMATION_FORMAT = dwarf;
				ENABLE_STRICT_OBJC_MSGSEND = YES;
				ENABLE_TESTABILITY = YES;
				ENABLE_USER_SCRIPT_SANDBOXING = YES;
				GCC_C_LANGUAGE_STANDARD = gnu17;
				GCC_DYNAMIC_NO_PIC = NO;
				GCC_NO_COMMON_BLOCKS = YES;
				GCC_OPTIMIZATION_LEVEL = 0;
				GCC_PREPROCESSOR_DEFINITIONS = (
					"DEBUG=1",
					"$(inherited)",
				);
				GCC_WARN_64_TO_32_BIT_CONVERSION = YES;
				GCC_WARN_ABOUT_RETURN_TYPE = YES_ERROR;
				GCC_WARN_UNDECLARED_SELECTOR = YES;
				GCC_WARN_UNINITIALIZED_AUTOS = YES_AGGRESSIVE;
				GCC_WARN_UNUSED_FUNCTION = YES;
				GCC_WARN_UNUSED_VARIABLE = YES;
				IPHONEOS_DEPLOYMENT_TARGET = 17.0;
				LOCALIZATION_PREFERS_STRING_CATALOGS = YES;
				MTL_ENABLE_DEBUG_INFO = INCLUDE_SOURCE;
				MTL_FAST_MATH = YES;
				ONLY_ACTIVE_ARCH = YES;
				SDKROOT = iphoneos;
				SWIFT_ACTIVE_COMPILATION_CONDITIONS = "DEBUG $(inherited)";
				SWIFT_OPTIMIZATION_LEVEL = "-Onone";
			};
			name = Debug;
		};
		38C41C302D108DA800335BBF /* Release */ = {
			isa = XCBuildConfiguration;
			buildSettings = {
				ALWAYS_SEARCH_USER_PATHS = NO;
				ASSETCATALOG_COMPILER_GENERATE_SWIFT_ASSET_SYMBOL_EXTENSIONS = YES;
				CLANG_ANALYZER_NONNULL = YES;
				CLANG_ANALYZER_NUMBER_OBJECT_CONVERSION = YES_AGGRESSIVE;
				CLANG_CXX_LANGUAGE_STANDARD = "gnu++20";
				CLANG_ENABLE_MODULES = YES;
				CLANG_ENABLE_OBJC_ARC = YES;
				CLANG_ENABLE_OBJC_WEAK = YES;
				CLANG_WARN_BLOCK_CAPTURE_AUTORELEASING = YES;
				CLANG_WARN_BOOL_CONVERSION = YES;
				CLANG_WARN_COMMA = YES;
				CLANG_WARN_CONSTANT_CONVERSION = YES;
				CLANG_WARN_DEPRECATED_OBJC_IMPLEMENTATIONS = YES;
				CLANG_WARN_DIRECT_OBJC_ISA_USAGE = YES_ERROR;
				CLANG_WARN_DOCUMENTATION_COMMENTS = YES;
				CLANG_WARN_EMPTY_BODY = YES;
				CLANG_WARN_ENUM_CONVERSION = YES;
				CLANG_WARN_INFINITE_RECURSION = YES;
				CLANG_WARN_INT_CONVERSION = YES;
				CLANG_WARN_NON_LITERAL_NULL_CONVERSION = YES;
				CLANG_WARN_OBJC_IMPLICIT_RETAIN_SELF = YES;
				CLANG_WARN_OBJC_LITERAL_CONVERSION = YES;
				CLANG_WARN_OBJC_ROOT_CLASS = YES_ERROR;
				CLANG_WARN_QUOTED_INCLUDE_IN_FRAMEWORK_HEADER = YES;
				CLANG_WARN_RANGE_LOOP_ANALYSIS = YES;
				CLANG_WARN_STRICT_PROTOTYPES = YES;
				CLANG_WARN_SUSPICIOUS_MOVE = YES;
				CLANG_WARN_UNGUARDED_AVAILABILITY = YES_AGGRESSIVE;
				CLANG_WARN_UNREACHABLE_CODE = YES;
				CLANG_WARN__DUPLICATE_METHOD_MATCH = YES;
				COPY_PHASE_STRIP = NO;
				DEBUG_INFORMATION_FORMAT = "dwarf-with-dsym";
				ENABLE_NS_ASSERTIONS = NO;
				ENABLE_STRICT_OBJC_MSGSEND = YES;
				ENABLE_USER_SCRIPT_SANDBOXING = YES;
				GCC_C_LANGUAGE_STANDARD = gnu17;
				GCC_NO_COMMON_BLOCKS = YES;
				GCC_WARN_64_TO_32_BIT_CONVERSION = YES;
				GCC_WARN_ABOUT_RETURN_TYPE = YES_ERROR;
				GCC_WARN_UNDECLARED_SELECTOR = YES;
				GCC_WARN_UNINITIALIZED_AUTOS = YES_AGGRESSIVE;
				GCC_WARN_UNUSED_FUNCTION = YES;
				GCC_WARN_UNUSED_VARIABLE = YES;
				IPHONEOS_DEPLOYMENT_TARGET = 17.0;
				LOCALIZATION_PREFERS_STRING_CATALOGS = YES;
				MTL_ENABLE_DEBUG_INFO = NO;
				MTL_FAST_MATH = YES;
				SDKROOT = iphoneos;
				SWIFT_COMPILATION_MODE = wholemodule;
				VALIDATE_PRODUCT = YES;
			};
			name = Release;
		};
		38C41C322D108DA800335BBF /* Debug */ = {
			isa = XCBuildConfiguration;
			buildSettings = {
				ASSETCATALOG_COMPILER_APPICON_NAME = AppIcon;
				ASSETCATALOG_COMPILER_GLOBAL_ACCENT_COLOR_NAME = AccentColor;
				CODE_SIGN_STYLE = Automatic;
				CURRENT_PROJECT_VERSION = 1;
				DEVELOPMENT_ASSET_PATHS = "\"Recipe/Preview Content\"";
				DEVELOPMENT_TEAM = LZ2WC49YU7;
				ENABLE_PREVIEWS = YES;
				GENERATE_INFOPLIST_FILE = YES;
				INFOPLIST_KEY_CFBundleDisplayName = "Recipe Finder";
				INFOPLIST_KEY_LSApplicationCategoryType = "public.app-category.food-and-drink";
				INFOPLIST_KEY_UIApplicationSceneManifest_Generation = YES;
				INFOPLIST_KEY_UIApplicationSupportsIndirectInputEvents = YES;
				INFOPLIST_KEY_UILaunchScreen_Generation = YES;
				INFOPLIST_KEY_UISupportedInterfaceOrientations = UIInterfaceOrientationPortrait;
				LD_RUNPATH_SEARCH_PATHS = (
					"$(inherited)",
					"@executable_path/Frameworks",
				);
				MARKETING_VERSION = 1.0;
				PRODUCT_BUNDLE_IDENTIFIER = me.grzechowski.alex.Recipe.Recipe;
				PRODUCT_NAME = "$(TARGET_NAME)";
				SWIFT_EMIT_LOC_STRINGS = YES;
				SWIFT_VERSION = 5.0;
				TARGETED_DEVICE_FAMILY = "1,2";
			};
			name = Debug;
		};
		38C41C332D108DA800335BBF /* Release */ = {
			isa = XCBuildConfiguration;
			buildSettings = {
				ASSETCATALOG_COMPILER_APPICON_NAME = AppIcon;
				ASSETCATALOG_COMPILER_GLOBAL_ACCENT_COLOR_NAME = AccentColor;
				CODE_SIGN_STYLE = Automatic;
				CURRENT_PROJECT_VERSION = 1;
				DEVELOPMENT_ASSET_PATHS = "\"Recipe/Preview Content\"";
				DEVELOPMENT_TEAM = LZ2WC49YU7;
				ENABLE_PREVIEWS = YES;
				GENERATE_INFOPLIST_FILE = YES;
				INFOPLIST_KEY_CFBundleDisplayName = "Recipe Finder";
				INFOPLIST_KEY_LSApplicationCategoryType = "public.app-category.food-and-drink";
				INFOPLIST_KEY_UIApplicationSceneManifest_Generation = YES;
				INFOPLIST_KEY_UIApplicationSupportsIndirectInputEvents = YES;
				INFOPLIST_KEY_UILaunchScreen_Generation = YES;
				INFOPLIST_KEY_UISupportedInterfaceOrientations = UIInterfaceOrientationPortrait;
				LD_RUNPATH_SEARCH_PATHS = (
					"$(inherited)",
					"@executable_path/Frameworks",
				);
				MARKETING_VERSION = 1.0;
				PRODUCT_BUNDLE_IDENTIFIER = me.grzechowski.alex.Recipe.Recipe;
				PRODUCT_NAME = "$(TARGET_NAME)";
				SWIFT_EMIT_LOC_STRINGS = YES;
				SWIFT_VERSION = 5.0;
				TARGETED_DEVICE_FAMILY = "1,2";
			};
			name = Release;
		};
/* End XCBuildConfiguration section */

/* Begin XCConfigurationList section */
		38C41C1E2D108DA600335BBF /* Build configuration list for PBXProject "Recipe" */ = {
			isa = XCConfigurationList;
			buildConfigurations = (
				38C41C2F2D108DA800335BBF /* Debug */,
				38C41C302D108DA800335BBF /* Release */,
			);
			defaultConfigurationIsVisible = 0;
			defaultConfigurationName = Release;
		};
		38C41C312D108DA800335BBF /* Build configuration list for PBXNativeTarget "Recipe" */ = {
			isa = XCConfigurationList;
			buildConfigurations = (
				38C41C322D108DA800335BBF /* Debug */,
				38C41C332D108DA800335BBF /* Release */,
			);
			defaultConfigurationIsVisible = 0;
			defaultConfigurationName = Release;
		};
/* End XCConfigurationList section */
	};
	rootObject = 38C41C1B2D108DA600335BBF /* Project object */;
}
